
Microsoft Visual Studio Solution File, Format Version 12.00
# Visual Studio Version 17
VisualStudioVersion = 17.1.32421.90
MinimumVisualStudioVersion = 10.0.40219.1
Project("{FAE04EC0-301F-11D3-BF4B-00C04F79EFBC}") = "ProductAdministrator", "ProductAdministrator\ProductAdministrator.csproj", "{312F0DBE-7A7F-425C-B44B-ED93C3A818AA}"
EndProject
Global
	GlobalSection(SolutionConfigurationPlatforms) = preSolution
		Debug|Any CPU = Debug|Any CPU
		Release|Any CPU = Release|Any CPU
	EndGlobalSection
	GlobalSection(ProjectConfigurationPlatforms) = postSolution
		{312F0DBE-7A7F-425C-B44B-ED93C3A818AA}.Debug|Any CPU.ActiveCfg = Debug|Any CPU
		{312F0DBE-7A7F-425C-B44B-ED93C3A818AA}.Debug|Any CPU.Build.0 = Debug|Any CPU
		{312F0DBE-7A7F-425C-B44B-ED93C3A818AA}.Release|Any CPU.ActiveCfg = Release|Any CPU
		{312F0DBE-7A7F-425C-B44B-ED93C3A818AA}.Release|Any CPU.Build.0 = Release|Any CPU
	EndGlobalSection
	GlobalSection(SolutionProperties) = preSolution
		HideSolutionNode = FALSE
	EndGlobalSection
	GlobalSection(ExtensibilityGlobals) = postSolution
		SolutionGuid = {3B1FF60D-649D-43A5-9CCF-D644A82695D9}
	EndGlobalSection
EndGlobal
